
Microsoft Visual Studio Solution File, Format Version 12.00
# Visual Studio Version 17
VisualStudioVersion = 17.5.002.0
MinimumVisualStudioVersion = 10.0.40219.1
Project("{2150E333-8FDC-42A3-9474-1A3956D46DE8}") = "src", "src", "{AECE9C84-36C9-4C45-8E7F-5DAB7EEFC440}"
EndProject
Project("{9A19103F-16F7-4668-BE54-9A1E7A4F7556}") = "WebApiwithDatabase", "src\WebApiwithDatabase\WebApiwithDatabase.csproj", "{BD589270-AD0B-4FB8-8C9D-B139FEDA730C}"
EndProject
Global
	GlobalSection(SolutionConfigurationPlatforms) = preSolution
		Debug|Any CPU = Debug|Any CPU
		Release|Any CPU = Release|Any CPU
	EndGlobalSection
	GlobalSection(ProjectConfigurationPlatforms) = postSolution
		{BD589270-AD0B-4FB8-8C9D-B139FEDA730C}.Debug|Any CPU.ActiveCfg = Debug|Any CPU
		{BD589270-AD0B-4FB8-8C9D-B139FEDA730C}.Debug|Any CPU.Build.0 = Debug|Any CPU
		{BD589270-AD0B-4FB8-8C9D-B139FEDA730C}.Release|Any CPU.ActiveCfg = Release|Any CPU
		{BD589270-AD0B-4FB8-8C9D-B139FEDA730C}.Release|Any CPU.Build.0 = Release|Any CPU
	EndGlobalSection
	GlobalSection(SolutionProperties) = preSolution
		HideSolutionNode = FALSE
	EndGlobalSection
	GlobalSection(NestedProjects) = preSolution
		{BD589270-AD0B-4FB8-8C9D-B139FEDA730C} = {AECE9C84-36C9-4C45-8E7F-5DAB7EEFC440}
	EndGlobalSection
	GlobalSection(ExtensibilityGlobals) = postSolution
		SolutionGuid = {5DDB6583-687C-4CDE-BE8A-02A4595ACA78}
	EndGlobalSection
EndGlobal
